version = 1
revision = 3
requires-python = ">=3.12"

[[package]]
name = "appdirs"
version = "1.4.4"
source = { registry = "https://pypi.org/simple" }
sdist = { url = "https://files.pythonhosted.org/packages/d7/d8/05696357e0311f5b5c316d7b95f46c669dd9c15aaeecbb48c7d0aeb88c40/appdirs-1.4.4.tar.gz", hash = "sha256:7d5d0167b2b1ba821647616af46a749d1c653740dd0d2415100fe26e27afdf41", size = 13470, upload-time = "2020-05-11T07:59:51.037Z" }
wheels = [
    { url = "https://files.pythonhosted.org/packages/3b/00/2344469e2084fb287c2e0b57b72910309874c3245463acd6cf5e3db69324/appdirs-1.4.4-py2.py3-none-any.whl", hash = "sha256:a841dacd6b99318a741b166adb07e19ee71a274450e68237b4650ca1055ab128", size = 9566, upload-time = "2020-05-11T07:59:49.499Z" },
]

[[package]]
name = "basedpyright"
version = "1.39.4"
source = { registry = "https://pypi.org/simple" }
dependencies = [
    { name = "nodejs-wheel-binaries" },
]
sdist = { url = "https://files.pythonhosted.org/packages/06/b0/ab36a25bb4637c6083e88721351f96b30742b84debdea42892b0f0d08cc9/basedpyright-1.39.4.tar.gz", hash = "sha256:e604088a0a808377a91d8ea0c4ef427c1af6fb335529bbe65a055263163d9252", size = 25507140, upload-time = "2026-05-11T11:27:04.631Z" }
wheels = [
    { url = "https://files.pythonhosted.org/packages/dd/39/9c256405e8d2a974b9fb819bd9c8a44ca4ba0f335c8ebb8d6961cee5f0c0/basedpyright-1.39.4-py3-none-any.whl", hash = "sha256:3cefd334f101fa4125c4ced4db6ca620267b57536ba0c3f8a7ae8b13c4c11f7a", size = 12420117, upload-time = "2026-05-11T11:26:59.829Z" },
]

[[package]]
name = "flappy-bird"
version = "2.1.0"
source = { virtual = "." }
dependencies = [
    { name = "appdirs" },
    { name = "game-state" },
    { name = "pygame" },
]

[package.dev-dependencies]
dev = [
    { name = "basedpyright" },
    { name = "isort" },
    { name = "nuitka" },
    { name = "ruff" },
]

[package.metadata]
requires-dist = [
    { name = "appdirs", specifier = ">=1.4.4" },
    { name = "game-state", specifier = ">=2.4.1" },
    { name = "pygame", specifier = ">=2.6.1" },
]

[package.metadata.requires-dev]
dev = [
    { name = "basedpyright", specifier = ">=1.39.4" },
    { name = "isort", specifier = ">=6.1.0" },
    { name = "nuitka", specifier = ">=4.1" },
    { name = "ruff", specifier = ">=0.15.13" },
]

[[package]]
name = "game-state"
version = "2.4.1"
source = { registry = "https://pypi.org/simple" }
sdist = { url = "https://files.pythonhosted.org/packages/df/fc/b446ca4f29bca20deed86a60181d6b9674c1905e58d14ef4b0195519df2b/game_state-2.4.1.tar.gz", hash = "sha256:2caae9c9a3a06d40e2a3c14016f261e2eb7af9f0ef6e707e1ee04e6ec8128748", size = 20921, upload-time = "2026-04-29T15:05:52.542Z" }
wheels = [
    { url = "https://files.pythonhosted.org/packages/8b/0c/6de7f2fa37216fbfa8e6c9b2a09203e0fe7be4fafa0ff70e055ef9c4d69b/game_state-2.4.1-py3-none-any.whl", hash = "sha256:6b23e4339fca2cff6bb195dfabe069e28060cdf01844fe13ee9740440be5d803", size = 22025, upload-time = "2026-04-29T15:05:51.201Z" },
]

[[package]]
name = "isort"
version = "6.1.0"
source = { registry = "https://pypi.org/simple" }
sdist = { url = "https://files.pythonhosted.org/packages/1e/82/fa43935523efdfcce6abbae9da7f372b627b27142c3419fcf13bf5b0c397/isort-6.1.0.tar.gz", hash = "sha256:9b8f96a14cfee0677e78e941ff62f03769a06d412aabb9e2a90487b3b7e8d481", size = 824325, upload-time = "2025-10-01T16:26:45.027Z" }
wheels = [
    { url = "https://files.pythonhosted.org/packages/7f/cc/9b681a170efab4868a032631dea1e8446d8ec718a7f657b94d49d1a12643/isort-6.1.0-py3-none-any.whl", hash = "sha256:58d8927ecce74e5087aef019f778d4081a3b6c98f15a80ba35782ca8a2097784", size = 94329, upload-time = "2025-10-01T16:26:43.291Z" },
]

[[package]]
name = "nodejs-wheel-binaries"
version = "22.17.0"
source = { registry = "https://pypi.org/simple" }
sdist = { url = "https://files.pythonhosted.org/packages/d3/86/8962d1d24ff480f4dd31871f42c8e0d8e2c851cd558a07ee689261d310ab/nodejs_wheel_binaries-22.17.0.tar.gz", hash = "sha256:529142012fb8fd20817ef70e2ef456274df4f49933292e312c8bbc7285af6408", size = 8068, upload-time = "2025-06-29T20:24:25.002Z" }
wheels = [
    { url = "https://files.pythonhosted.org/packages/5d/53/b942c6da4ff6f87a315033f6ff6fed8fd3c22047d7ff5802badaa5dfc2c2/nodejs_wheel_binaries-22.17.0-py2.py3-none-macosx_11_0_arm64.whl", hash = "sha256:6545a6f6d2f736d9c9e2eaad7e599b6b5b2d8fd4cbd2a1df0807cbcf51b9d39b", size = 51003554, upload-time = "2025-06-29T20:23:47.042Z" },
    { url = "https://files.pythonhosted.org/packages/e2/b7/7184a9ad2364912da22f2fe021dc4a3301721131ef7759aeb4a1f19db0b4/nodejs_wheel_binaries-22.17.0-py2.py3-none-macosx_11_0_x86_64.whl", hash = "sha256:4bea5b994dd87c20f8260031ea69a97c3d282e2d4472cc8908636a313a830d00", size = 51936848, upload-time = "2025-06-29T20:23:52.064Z" },
    { url = "https://files.pythonhosted.org/packages/e9/7a/0ea425147b8110b8fd65a6c21cfd3bd130cdec7766604361429ef870d799/nodejs_wheel_binaries-22.17.0-py2.py3-none-manylinux_2_17_aarch64.manylinux2014_aarch64.whl", hash = "sha256:885508615274a22499dd5314759c1cf96ba72de03e6485d73b3e5475e7f12662", size = 57925230, upload-time = "2025-06-29T20:23:56.81Z" },
    { url = "https://files.pythonhosted.org/packages/23/5f/10a3f2ac08a839d065d9ccfd6d9df66bc46e100eaf87a8a5cf149eb3fb8e/nodejs_wheel_binaries-22.17.0-py2.py3-none-manylinux_2_17_x86_64.manylinux2014_x86_64.whl", hash = "sha256:90f38ce034a602bcab534d55cbe0390521e73e5dcffdd1c4b34354b932172af2", size = 58457829, upload-time = "2025-06-29T20:24:01.945Z" },
    { url = "https://files.pythonhosted.org/packages/ed/a4/d2ca331e16eef0974eb53702df603c54f77b2a7e2007523ecdbf6cf61162/nodejs_wheel_binaries-22.17.0-py2.py3-none-musllinux_1_2_aarch64.whl", hash = "sha256:5eed087855b644c87001fe04036213193963ccd65e7f89949e9dbe28e7743d9b", size = 59778054, upload-time = "2025-06-29T20:24:07.14Z" },
    { url = "https://files.pythonhosted.org/packages/be/2b/04e0e7f7305fe2ba30fd4610bfb432516e0f65379fe6c2902f4b7b1ad436/nodejs_wheel_binaries-22.17.0-py2.py3-none-musllinux_1_2_x86_64.whl", hash = "sha256:715f413c81500f0770ea8936ef1fc2529b900da8054cbf6da67cec3ee308dc76", size = 60830079, upload-time = "2025-06-29T20:24:12.21Z" },
    { url = "https://files.pythonhosted.org/packages/ce/67/12070b24b88040c2d694883f3dcb067052f748798f4c63f7c865769a5747/nodejs_wheel_binaries-22.17.0-py2.py3-none-win_amd64.whl", hash = "sha256:51165630493c8dd4acfe1cae1684b76940c9b03f7f355597d55e2d056a572ddd", size = 40117877, upload-time = "2025-06-29T20:24:17.51Z" },
    { url = "https://files.pythonhosted.org/packages/2e/ec/53ac46af423527c23e40c7343189f2bce08a8337efedef4d8a33392cee23/nodejs_wheel_binaries-22.17.0-py2.py3-none-win_arm64.whl", hash = "sha256:fae56d172227671fccb04461d3cd2b26a945c6c7c7fc29edb8618876a39d8b4a", size = 38865278, upload-time = "2025-06-29T20:24:21.065Z" },
]

[[package]]
name = "nuitka"
version = "4.1"
source = { registry = "https://pypi.org/simple" }
sdist = { url = "https://files.pythonhosted.org/packages/53/db/b7a344ad688cd6d8547746869f904b105674ff529a24fa5a3d7bdd95560a/nuitka-4.1.tar.gz", hash = "sha256:99092d26f5f8d5264186924451f7df5872bf6a922297062ace2798ecec7cfa0f", size = 4543258, upload-time = "2026-05-11T07:16:35.483Z" }

[[package]]
name = "pygame"
version = "2.6.1"
source = { registry = "https://pypi.org/simple" }
sdist = { url = "https://files.pythonhosted.org/packages/49/cc/08bba60f00541f62aaa252ce0cfbd60aebd04616c0b9574f755b583e45ae/pygame-2.6.1.tar.gz", hash = "sha256:56fb02ead529cee00d415c3e007f75e0780c655909aaa8e8bf616ee09c9feb1f", size = 14808125, upload-time = "2024-09-29T13:41:34.698Z" }
wheels = [
    { url = "https://files.pythonhosted.org/packages/92/16/2c602c332f45ff9526d61f6bd764db5096ff9035433e2172e2d2cadae8db/pygame-2.6.1-cp312-cp312-macosx_10_9_x86_64.whl", hash = "sha256:4ee7f2771f588c966fa2fa8b829be26698c9b4836f82ede5e4edc1a68594942e", size = 13118279, upload-time = "2024-09-29T14:26:30.427Z" },
    { url = "https://files.pythonhosted.org/packages/cd/53/77ccbc384b251c6e34bfd2e734c638233922449a7844e3c7a11ef91cee39/pygame-2.6.1-cp312-cp312-macosx_11_0_arm64.whl", hash = "sha256:c8040ea2ab18c6b255af706ec01355c8a6b08dc48d77fd4ee783f8fc46a843bf", size = 12384524, upload-time = "2024-09-29T14:26:49.996Z" },
    { url = "https://files.pythonhosted.org/packages/06/be/3ed337583f010696c3b3435e89a74fb29d0c74d0931e8f33c0a4246307a9/pygame-2.6.1-cp312-cp312-manylinux_2_17_aarch64.manylinux2014_aarch64.whl", hash = "sha256:c47a6938de93fa610accd4969e638c2aebcb29b2fca518a84c3a39d91ab47116", size = 13587123, upload-time = "2024-09-29T11:10:50.072Z" },
    { url = "https://files.pythonhosted.org/packages/fd/ca/b015586a450db59313535662991b34d24c1f0c0dc149cc5f496573900f4e/pygame-2.6.1-cp312-cp312-manylinux_2_17_i686.manylinux2014_i686.whl", hash = "sha256:33006f784e1c7d7e466fcb61d5489da59cc5f7eb098712f792a225df1d4e229d", size = 14275532, upload-time = "2024-09-29T11:39:59.356Z" },
    { url = "https://files.pythonhosted.org/packages/b9/f2/d31e6ad42d657af07be2ffd779190353f759a07b51232b9e1d724f2cda46/pygame-2.6.1-cp312-cp312-manylinux_2_17_x86_64.manylinux2014_x86_64.whl", hash = "sha256:1206125f14cae22c44565c9d333607f1d9f59487b1f1432945dfc809aeaa3e88", size = 13952653, upload-time = "2024-09-29T11:40:01.781Z" },
    { url = "https://files.pythonhosted.org/packages/f3/42/8ea2a6979e6fa971702fece1747e862e2256d4a8558fe0da6364dd946c53/pygame-2.6.1-cp312-cp312-win32.whl", hash = "sha256:84fc4054e25262140d09d39e094f6880d730199710829902f0d8ceae0213379e", size = 10252421, upload-time = "2024-09-29T11:14:26.877Z" },
    { url = "https://files.pythonhosted.org/packages/5f/90/7d766d54bb95939725e9a9361f9c06b0cfbe3fe100aa35400f0a461a278a/pygame-2.6.1-cp312-cp312-win_amd64.whl", hash = "sha256:3a9e7396be0d9633831c3f8d5d82dd63ba373ad65599628294b7a4f8a5a01a65", size = 10624591, upload-time = "2024-09-29T11:52:54.489Z" },
    { url = "https://files.pythonhosted.org/packages/e1/91/718acf3e2a9d08a6ddcc96bd02a6f63c99ee7ba14afeaff2a51c987df0b9/pygame-2.6.1-cp313-cp313-macosx_10_13_x86_64.whl", hash = "sha256:ae6039f3a55d800db80e8010f387557b528d34d534435e0871326804df2a62f2", size = 13090765, upload-time = "2024-09-29T14:27:02.377Z" },
    { url = "https://files.pythonhosted.org/packages/0e/c6/9cb315de851a7682d9c7568a41ea042ee98d668cb8deadc1dafcab6116f0/pygame-2.6.1-cp313-cp313-macosx_11_0_arm64.whl", hash = "sha256:2a3a1288e2e9b1e5834e425bedd5ba01a3cd4902b5c2bff8ed4a740ccfe98171", size = 12381704, upload-time = "2024-09-29T14:27:10.228Z" },
    { url = "https://files.pythonhosted.org/packages/9f/8f/617a1196e31ae3b46be6949fbaa95b8c93ce15e0544266198c2266cc1b4d/pygame-2.6.1-cp313-cp313-manylinux_2_17_aarch64.manylinux2014_aarch64.whl", hash = "sha256:27eb17e3dc9640e4b4683074f1890e2e879827447770470c2aba9f125f74510b", size = 13581091, upload-time = "2024-09-29T11:30:27.653Z" },
    { url = "https://files.pythonhosted.org/packages/3b/87/2851a564e40a2dad353f1c6e143465d445dab18a95281f9ea458b94f3608/pygame-2.6.1-cp313-cp313-manylinux_2_17_i686.manylinux2014_i686.whl", hash = "sha256:4c1623180e70a03c4a734deb9bac50fc9c82942ae84a3a220779062128e75f3b", size = 14273844, upload-time = "2024-09-29T11:40:04.138Z" },
    { url = "https://files.pythonhosted.org/packages/85/b5/aa23aa2e70bcba42c989c02e7228273c30f3b44b9b264abb93eaeff43ad7/pygame-2.6.1-cp313-cp313-manylinux_2_17_x86_64.manylinux2014_x86_64.whl", hash = "sha256:ef07c0103d79492c21fced9ad68c11c32efa6801ca1920ebfd0f15fb46c78b1c", size = 13951197, upload-time = "2024-09-29T11:40:06.785Z" },
    { url = "https://files.pythonhosted.org/packages/a6/06/29e939b34d3f1354738c7d201c51c250ad7abefefaf6f8332d962ff67c4b/pygame-2.6.1-cp313-cp313-win32.whl", hash = "sha256:3acd8c009317190c2bfd81db681ecef47d5eb108c2151d09596d9c7ea9df5c0e", size = 10249309, upload-time = "2024-09-29T11:10:23.329Z" },
    { url = "https://files.pythonhosted.org/packages/7e/11/17f7f319ca91824b86557e9303e3b7a71991ef17fd45286bf47d7f0a38e6/pygame-2.6.1-cp313-cp313-win_amd64.whl", hash = "sha256:813af4fba5d0b2cb8e58f5d95f7910295c34067dcc290d34f1be59c48bd1ea6a", size = 10620084, upload-time = "2024-09-29T11:48:51.587Z" },
]

[[package]]
name = "ruff"
version = "0.15.13"
source = { registry = "https://pypi.org/simple" }
sdist = { url = "https://files.pythonhosted.org/packages/24/21/a7d5c126d5b557715ef81098f3db2fe20f622a039ff2e626af28d674ab80/ruff-0.15.13.tar.gz", hash = "sha256:f9d89f17f7ba7fb2ed42921f0df75da797a9a5d71bc39049e2c687cf2baf44b7", size = 4678180, upload-time = "2026-05-14T13:44:37.869Z" }
wheels = [
    { url = "https://files.pythonhosted.org/packages/c6/61/11d458dc6ac22504fd8e237b29dfd40504c7fbbcc8930402cfe51a8e63ed/ruff-0.15.13-py3-none-linux_armv6l.whl", hash = "sha256:444b580fc72fd6887e650acd3e575e18cdc79dbcf42fb4030b491057921f61f8", size = 10738279, upload-time = "2026-05-14T13:44:18.7Z" },
    { url = "https://files.pythonhosted.org/packages/86/ca/caa871ee7be718c45256fada4e16a218ee3e33f0c4a46b729a60a24912e6/ruff-0.15.13-py3-none-macosx_10_12_x86_64.whl", hash = "sha256:6590d009e7cb7ebf36f83dbdd44a3fa48a0994ff6f1cdc1b08006abe58f98dc7", size = 11124798, upload-time = "2026-05-14T13:44:06.427Z" },
    { url = "https://files.pythonhosted.org/packages/d3/19/43f5f2e568dddde567fc41f8471f9432c09563e19d3e617a48cfa52f8f0a/ruff-0.15.13-py3-none-macosx_11_0_arm64.whl", hash = "sha256:1c26d2f66163deeb6e08d8b39fbbe983ce3c71cea06a6d7591cfd1421793c629", size = 10460761, upload-time = "2026-05-14T13:44:04.375Z" },
    { url = "https://files.pythonhosted.org/packages/99/df/cf938cd6de3003178f03ad7c1ea2a6c099468c03a35037985070b37e76be/ruff-0.15.13-py3-none-manylinux_2_17_aarch64.manylinux2014_aarch64.whl", hash = "sha256:9dbd6f94b434f896308e4d57fb7bfde0d02b99f7a64b3bdab0fdfa6a864203a5", size = 10804451, upload-time = "2026-05-14T13:44:25.221Z" },
    { url = "https://files.pythonhosted.org/packages/c7/7d/5d0973129b154ded2225729169d7068f26b467760b146493fde138415f23/ruff-0.15.13-py3-none-manylinux_2_17_armv7l.manylinux2014_armv7l.whl", hash = "sha256:bf3259f3be4d181bda591da5db2571aed6853c6a048157756448020bc6c5cd22", size = 10534285, upload-time = "2026-05-14T13:44:08.888Z" },
    { url = "https://files.pythonhosted.org/packages/1f/e3/6b999bbc66cd51e5f073842bc2a3995e99c5e0e72e16b15e7261f7abf57a/ruff-0.15.13-py3-none-manylinux_2_17_i686.manylinux2014_i686.whl", hash = "sha256:ae9c17e5eb4430c154e76abc25d79a318190f5a997f38fb6b114416c5319ffc9", size = 11312063, upload-time = "2026-05-14T13:44:11.274Z" },
    { url = "https://files.pythonhosted.org/packages/af/5a/642639e9f5db04f1e97fbd6e091c6fd20725bdf072fb114d00eefb9e6eb8/ruff-0.15.13-py3-none-manylinux_2_17_ppc64le.manylinux2014_ppc64le.whl", hash = "sha256:2e2e39bff6c341f4b577a21b801326fab0b11847f48fcaa83f00a113c9b3cb55", size = 12183079, upload-time = "2026-05-14T13:44:01.634Z" },
    { url = "https://files.pythonhosted.org/packages/19/4c/7585735f6b53b0f12de13618b2f7d250a844f018822efc899df2e7b8295f/ruff-0.15.13-py3-none-manylinux_2_17_s390x.manylinux2014_s390x.whl", hash = "sha256:e8d9a8e08013542e94d3220bc5b62cc3e5ef87c5f74bff367d3fac14fab013e6", size = 11440833, upload-time = "2026-05-14T13:43:59.043Z" },
    { url = "https://files.pythonhosted.org/packages/e8/31/bf1a0803d077e679cfeee5f2f67290a0fa79c7385b5d9a8c17b9db2c48f0/ruff-0.15.13-py3-none-manylinux_2_17_x86_64.manylinux2014_x86_64.whl", hash = "sha256:cc411dfebe5eebe55ce041c6ae080eb7668955e866daa2fbb16692a784f1c4ca", size = 11434486, upload-time = "2026-05-14T13:44:27.761Z" },
    { url = "https://files.pythonhosted.org/packages/e1/4e/62c9b999875d4f14db80f277c030578f5e249c9852d65b7ac7ad0b43c041/ruff-0.15.13-py3-none-manylinux_2_31_riscv64.whl", hash = "sha256:768494eb08b9cee54e2fd27969966f74db5a57f6eaa7a90fcb3306af34dfc4bd", size = 11385189, upload-time = "2026-05-14T13:44:13.704Z" },
    { url = "https://files.pythonhosted.org/packages/fc/89/7e959047a104df3eb12863447c110140191fc5b6c4f379ea2e803fcdb0e4/ruff-0.15.13-py3-none-musllinux_1_2_aarch64.whl", hash = "sha256:fb75f9a3a7e42ffe117d734494e6c5e5cb3565d66e12612cb63d0e572a41a5b6", size = 10781380, upload-time = "2026-05-14T13:43:56.734Z" },
    { url = "https://files.pythonhosted.org/packages/ff/52/5fd18f3b88cab63e88aa11516b3b4e1e5f720e5c330f8dbe5c26210f41f8/ruff-0.15.13-py3-none-musllinux_1_2_armv7l.whl", hash = "sha256:8cb74dd33bb2f6613faf7fc03b660053b5ac4f80e706d5788c6335e2a8048d51", size = 10540605, upload-time = "2026-05-14T13:44:20.748Z" },
    { url = "https://files.pythonhosted.org/packages/e8/e0/9e35f338990d3e41a82875ff7053ffe97541dae81c9d02143177f381d572/ruff-0.15.13-py3-none-musllinux_1_2_i686.whl", hash = "sha256:7ef823f817fcd191dc934e984be9cf4094f808effa16f2542ad8e821ba02bbf2", size = 11036554, upload-time = "2026-05-14T13:44:16.256Z" },
    { url = "https://files.pythonhosted.org/packages/c2/13/070fb048c24080fba188f66371e2a92785be257ad02242066dc7255ac6e9/ruff-0.15.13-py3-none-musllinux_1_2_x86_64.whl", hash = "sha256:f345a13937bd7f09f6f5d19fa0721b0c103e00e7f62bc67089a8e5e037719e0b", size = 11528133, upload-time = "2026-05-14T13:44:22.808Z" },
    { url = "https://files.pythonhosted.org/packages/6b/8c/b1e1666aef7fc6555094d73ae6cd981701781ae85b97ceefc0eebd0b4668/ruff-0.15.13-py3-none-win32.whl", hash = "sha256:4044f94208b3b05ba0fc4a4abd0558cf4d6459bd18325eead7fd8cc66f909b41", size = 10721455, upload-time = "2026-05-14T13:44:35.697Z" },
    { url = "https://files.pythonhosted.org/packages/ab/a6/870a3e8a50590bb92be184ad928c2922f088b00d9dc5c5ec7b924ee08c22/ruff-0.15.13-py3-none-win_amd64.whl", hash = "sha256:7064884d442b7d477b4e7473d12da7f08851d2b1982763c5d3f388a19468a1a4", size = 11900409, upload-time = "2026-05-14T13:44:30.389Z" },
    { url = "https://files.pythonhosted.org/packages/9b/36/9c015cd052fca743dae8cb2aeb16b551444787467db42ceab0fc968865af/ruff-0.15.13-py3-none-win_arm64.whl", hash = "sha256:2471da9bd1068c8c064b5fd9c0c4b6dddffd6369cb1cd68b29993b1709ff1b21", size = 11179336, upload-time = "2026-05-14T13:44:33.026Z" },
]
